
Microsoft Visual Studio Solution File, Format Version 12.00
# Visual Studio Version 17
VisualStudioVersion = 17.11.35303.130
MinimumVisualStudioVersion = 10.0.40219.1
Project("{FAE04EC0-301F-11D3-BF4B-00C04F79EFBC}") = "Common", "Common\Common\Common.csproj", "{A1BAC102-0330-449C-A6C1-70C210D5F117}"
EndProject
Project("{2150E333-8FDC-42A3-9474-1A3956D46DE8}") = "Services", "Services", "{C8FECFCD-D9F7-43CF-8432-BBE757A652C8}"
EndProject
Project("{FAE04EC0-301F-11D3-BF4B-00C04F79EFBC}") = "EmployeeManagement.Application", "Services\EmployeeManagement\EmployeeManagement.Application\EmployeeManagement.Application.csproj", "{7FA4518A-A18B-4AED-9410-26367953592C}"
EndProject
Project("{2150E333-8FDC-42A3-9474-1A3956D46DE8}") = "EmployeeManagement", "EmployeeManagement", "{B071E883-8334-4FAD-8DEC-A734BB9EC913}"
EndProject
Project("{FAE04EC0-301F-11D3-BF4B-00C04F79EFBC}") = "EmployeeManagement.Domain", "Services\EmployeeManagement\EmployeeManagement.Domain\EmployeeManagement.Domain.csproj", "{964F8548-0860-4332-9D04-84160CE6A0EF}"
EndProject
Project("{FAE04EC0-301F-11D3-BF4B-00C04F79EFBC}") = "EmployeeManagement.Infrastructure", "Services\EmployeeManagement\EmployeeManagement.Infrastructure\EmployeeManagement.Infrastructure.csproj", "{E805F1D4-4733-4A79-B2F9-8907C94880BF}"
EndProject
Project("{FAE04EC0-301F-11D3-BF4B-00C04F79EFBC}") = "EmployeeManagement.API", "Services\EmployeeManagement\EmployeeManagement.API\EmployeeManagement.API.csproj", "{C69ED879-93F2-47FB-AD40-815BBCD5930E}"
EndProject
Global
	GlobalSection(SolutionConfigurationPlatforms) = preSolution
		Debug|Any CPU = Debug|Any CPU
		Release|Any CPU = Release|Any CPU
	EndGlobalSection
	GlobalSection(ProjectConfigurationPlatforms) = postSolution
		{A1BAC102-0330-449C-A6C1-70C210D5F117}.Debug|Any CPU.ActiveCfg = Debug|Any CPU
		{A1BAC102-0330-449C-A6C1-70C210D5F117}.Debug|Any CPU.Build.0 = Debug|Any CPU
		{A1BAC102-0330-449C-A6C1-70C210D5F117}.Release|Any CPU.ActiveCfg = Release|Any CPU
		{A1BAC102-0330-449C-A6C1-70C210D5F117}.Release|Any CPU.Build.0 = Release|Any CPU
		{7FA4518A-A18B-4AED-9410-26367953592C}.Debug|Any CPU.ActiveCfg = Debug|Any CPU
		{7FA4518A-A18B-4AED-9410-26367953592C}.Debug|Any CPU.Build.0 = Debug|Any CPU
		{7FA4518A-A18B-4AED-9410-26367953592C}.Release|Any CPU.ActiveCfg = Release|Any CPU
		{7FA4518A-A18B-4AED-9410-26367953592C}.Release|Any CPU.Build.0 = Release|Any CPU
		{964F8548-0860-4332-9D04-84160CE6A0EF}.Debug|Any CPU.ActiveCfg = Debug|Any CPU
		{964F8548-0860-4332-9D04-84160CE6A0EF}.Debug|Any CPU.Build.0 = Debug|Any CPU
		{964F8548-0860-4332-9D04-84160CE6A0EF}.Release|Any CPU.ActiveCfg = Release|Any CPU
		{964F8548-0860-4332-9D04-84160CE6A0EF}.Release|Any CPU.Build.0 = Release|Any CPU
		{E805F1D4-4733-4A79-B2F9-8907C94880BF}.Debug|Any CPU.ActiveCfg = Debug|Any CPU
		{E805F1D4-4733-4A79-B2F9-8907C94880BF}.Debug|Any CPU.Build.0 = Debug|Any CPU
		{E805F1D4-4733-4A79-B2F9-8907C94880BF}.Release|Any CPU.ActiveCfg = Release|Any CPU
		{E805F1D4-4733-4A79-B2F9-8907C94880BF}.Release|Any CPU.Build.0 = Release|Any CPU
		{C69ED879-93F2-47FB-AD40-815BBCD5930E}.Debug|Any CPU.ActiveCfg = Debug|Any CPU
		{C69ED879-93F2-47FB-AD40-815BBCD5930E}.Debug|Any CPU.Build.0 = Debug|Any CPU
		{C69ED879-93F2-47FB-AD40-815BBCD5930E}.Release|Any CPU.ActiveCfg = Release|Any CPU
		{C69ED879-93F2-47FB-AD40-815BBCD5930E}.Release|Any CPU.Build.0 = Release|Any CPU
	EndGlobalSection
	GlobalSection(SolutionProperties) = preSolution
		HideSolutionNode = FALSE
	EndGlobalSection
	GlobalSection(NestedProjects) = preSolution
		{7FA4518A-A18B-4AED-9410-26367953592C} = {B071E883-8334-4FAD-8DEC-A734BB9EC913}
		{B071E883-8334-4FAD-8DEC-A734BB9EC913} = {C8FECFCD-D9F7-43CF-8432-BBE757A652C8}
		{964F8548-0860-4332-9D04-84160CE6A0EF} = {B071E883-8334-4FAD-8DEC-A734BB9EC913}
		{E805F1D4-4733-4A79-B2F9-8907C94880BF} = {B071E883-8334-4FAD-8DEC-A734BB9EC913}
		{C69ED879-93F2-47FB-AD40-815BBCD5930E} = {B071E883-8334-4FAD-8DEC-A734BB9EC913}
	EndGlobalSection
	GlobalSection(ExtensibilityGlobals) = postSolution
		SolutionGuid = {1EDF60C8-E6D9-40D3-A184-EEBB4D0464B2}
	EndGlobalSection
EndGlobal
